// !$*UTF8*$!
{
	archiveVersion = 1;
	classes = {
	};
	objectVersion = 50;
	objects = {

/* Begin PBXBuildFile section */
		F35E50DB24C0EB7E00CA9345 /* ContactsTestView.swift in Sources */ = {isa = PBXBuildFile; fileRef = F35E50DA24C0EB7E00CA9345 /* ContactsTestView.swift */; };
		F35E50DD24C0F29F00CA9345 /* GeolocationTestView.swift in Sources */ = {isa = PBXBuildFile; fileRef = F35E50DC24C0F29F00CA9345 /* GeolocationTestView.swift */; };
		F3684BFD24BDF60400217EA9 /* AppDelegate.swift in Sources */ = {isa = PBXBuildFile; fileRef = F3684BFC24BDF60400217EA9 /* AppDelegate.swift */; };
		F3684BFF24BDF60400217EA9 /* SceneDelegate.swift in Sources */ = {isa = PBXBuildFile; fileRef = F3684BFE24BDF60400217EA9 /* SceneDelegate.swift */; };
		F3684C0124BDF60400217EA9 /* ContentView.swift in Sources */ = {isa = PBXBuildFile; fileRef = F3684C0024BDF60400217EA9 /* ContentView.swift */; };
		F3684C0324BDF60800217EA9 /* Assets.xcassets in Resources */ = {isa = PBXBuildFile; fileRef = F3684C0224BDF60800217EA9 /* Assets.xcassets */; };
		F3684C0624BDF60800217EA9 /* Preview Assets.xcassets in Resources */ = {isa = PBXBuildFile; fileRef = F3684C0524BDF60800217EA9 /* Preview Assets.xcassets */; };
		F3684C0924BDF60800217EA9 /* LaunchScreen.storyboard in Resources */ = {isa = PBXBuildFile; fileRef = F3684C0724BDF60800217EA9 /* LaunchScreen.storyboard */; };
		F3684C1124BE013F00217EA9 /* AccelerometerTestView.swift in Sources */ = {isa = PBXBuildFile; fileRef = F3684C1024BE013F00217EA9 /* AccelerometerTestView.swift */; };
		F3684C1724BE127A00217EA9 /* TestResult.swift in Sources */ = {isa = PBXBuildFile; fileRef = F3684C1624BE127A00217EA9 /* TestResult.swift */; };
		F3686A4524BEFBEB0022BB3C /* DispatchTimeIntervalExtension.swift in Sources */ = {isa = PBXBuildFile; fileRef = F3686A4424BEFBEB0022BB3C /* DispatchTimeIntervalExtension.swift */; };
		F370800024C1BF6E00FB8D41 /* FilesystemTestView.swift in Sources */ = {isa = PBXBuildFile; fileRef = F3707FFF24C1BF6E00FB8D41 /* FilesystemTestView.swift */; };
		F370800224C1CB4700FB8D41 /* Base64Helper.swift in Sources */ = {isa = PBXBuildFile; fileRef = F370800124C1CB4700FB8D41 /* Base64Helper.swift */; };
/* End PBXBuildFile section */

/* Begin PBXFileReference section */
		F35E50DA24C0EB7E00CA9345 /* ContactsTestView.swift */ = {isa = PBXFileReference; lastKnownFileType = sourcecode.swift; path = ContactsTestView.swift; sourceTree = "<group>"; };
		F35E50DC24C0F29F00CA9345 /* GeolocationTestView.swift */ = {isa = PBXFileReference; lastKnownFileType = sourcecode.swift; path = GeolocationTestView.swift; sourceTree = "<group>"; };
		F3684BF924BDF60400217EA9 /* Performance Test.app */ = {isa = PBXFileReference; explicitFileType = wrapper.application; includeInIndex = 0; path = "Performance Test.app"; sourceTree = BUILT_PRODUCTS_DIR; };
		F3684BFC24BDF60400217EA9 /* AppDelegate.swift */ = {isa = PBXFileReference; lastKnownFileType = sourcecode.swift; path = AppDelegate.swift; sourceTree = "<group>"; };
		F3684BFE24BDF60400217EA9 /* SceneDelegate.swift */ = {isa = PBXFileReference; lastKnownFileType = sourcecode.swift; path = SceneDelegate.swift; sourceTree = "<group>"; };
		F3684C0024BDF60400217EA9 /* ContentView.swift */ = {isa = PBXFileReference; lastKnownFileType = sourcecode.swift; path = ContentView.swift; sourceTree = "<group>"; };
		F3684C0224BDF60800217EA9 /* Assets.xcassets */ = {isa = PBXFileReference; lastKnownFileType = folder.assetcatalog; path = Assets.xcassets; sourceTree = "<group>"; };
		F3684C0524BDF60800217EA9 /* Preview Assets.xcassets */ = {isa = PBXFileReference; lastKnownFileType = folder.assetcatalog; path = "Preview Assets.xcassets"; sourceTree = "<group>"; };
		F3684C0824BDF60800217EA9 /* Base */ = {isa = PBXFileReference; lastKnownFileType = file.storyboard; name = Base; path = Base.lproj/LaunchScreen.storyboard; sourceTree = "<group>"; };
		F3684C0A24BDF60800217EA9 /* Info.plist */ = {isa = PBXFileReference; lastKnownFileType = text.plist.xml; path = Info.plist; sourceTree = "<group>"; };
		F3684C1024BE013F00217EA9 /* AccelerometerTestView.swift */ = {isa = PBXFileReference; lastKnownFileType = sourcecode.swift; path = AccelerometerTestView.swift; sourceTree = "<group>"; };
		F3684C1624BE127A00217EA9 /* TestResult.swift */ = {isa = PBXFileReference; lastKnownFileType = sourcecode.swift; path = TestResult.swift; sourceTree = "<group>"; };
		F3686A4424BEFBEB0022BB3C /* DispatchTimeIntervalExtension.swift */ = {isa = PBXFileReference; lastKnownFileType = sourcecode.swift; path = DispatchTimeIntervalExtension.swift; sourceTree = "<group>"; };
		F3707FFF24C1BF6E00FB8D41 /* FilesystemTestView.swift */ = {isa = PBXFileReference; lastKnownFileType = sourcecode.swift; path = FilesystemTestView.swift; sourceTree = "<group>"; };
		F370800124C1CB4700FB8D41 /* Base64Helper.swift */ = {isa = PBXFileReference; lastKnownFileType = sourcecode.swift; path = Base64Helper.swift; sourceTree = "<group>"; };
/* End PBXFileReference section */

/* Begin PBXFrameworksBuildPhase section */
		F3684BF624BDF60400217EA9 /* Frameworks */ = {
			isa = PBXFrameworksBuildPhase;
			buildActionMask = 2147483647;
			files = (
			);
			runOnlyForDeploymentPostprocessing = 0;
		};
/* End PBXFrameworksBuildPhase section */

/* Begin PBXGroup section */
		F3684BF024BDF60400217EA9 = {
			isa = PBXGroup;
			children = (
				F3684BFB24BDF60400217EA9 /* Performance Test */,
				F3684BFA24BDF60400217EA9 /* Products */,
			);
			sourceTree = "<group>";
		};
		F3684BFA24BDF60400217EA9 /* Products */ = {
			isa = PBXGroup;
			children = (
				F3684BF924BDF60400217EA9 /* Performance Test.app */,
			);
			name = Products;
			sourceTree = "<group>";
		};
		F3684BFB24BDF60400217EA9 /* Performance Test */ = {
			isa = PBXGroup;
			children = (
				F3684BFC24BDF60400217EA9 /* AppDelegate.swift */,
				F3684BFE24BDF60400217EA9 /* SceneDelegate.swift */,
				F3684C0024BDF60400217EA9 /* ContentView.swift */,
				F3684C0224BDF60800217EA9 /* Assets.xcassets */,
				F3684C0724BDF60800217EA9 /* LaunchScreen.storyboard */,
				F3684C0A24BDF60800217EA9 /* Info.plist */,
				F3684C1024BE013F00217EA9 /* AccelerometerTestView.swift */,
				F3684C1624BE127A00217EA9 /* TestResult.swift */,
				F35E50DA24C0EB7E00CA9345 /* ContactsTestView.swift */,
				F35E50DC24C0F29F00CA9345 /* GeolocationTestView.swift */,
				F3707FFF24C1BF6E00FB8D41 /* FilesystemTestView.swift */,
				F3684C0424BDF60800217EA9 /* Preview Content */,
				F3686A4424BEFBEB0022BB3C /* DispatchTimeIntervalExtension.swift */,
				F370800124C1CB4700FB8D41 /* Base64Helper.swift */,
			);
			path = "Performance Test";
			sourceTree = "<group>";
		};
		F3684C0424BDF60800217EA9 /* Preview Content */ = {
			isa = PBXGroup;
			children = (
				F3684C0524BDF60800217EA9 /* Preview Assets.xcassets */,
			);
			path = "Preview Content";
			sourceTree = "<group>";
		};
/* End PBXGroup section */

/* Begin PBXNativeTarget section */
		F3684BF824BDF60400217EA9 /* Performance Test */ = {
			isa = PBXNativeTarget;
			buildConfigurationList = F3684C0D24BDF60800217EA9 /* Build configuration list for PBXNativeTarget "Performance Test" */;
			buildPhases = (
				F3684BF524BDF60400217EA9 /* Sources */,
				F3684BF624BDF60400217EA9 /* Frameworks */,
				F3684BF724BDF60400217EA9 /* Resources */,
			);
			buildRules = (
			);
			dependencies = (
			);
			name = "Performance Test";
			productName = "Performance Test";
			productReference = F3684BF924BDF60400217EA9 /* Performance Test.app */;
			productType = "com.apple.product-type.application";
		};
/* End PBXNativeTarget section */

/* Begin PBXProject section */
		F3684BF124BDF60400217EA9 /* Project object */ = {
			isa = PBXProject;
			attributes = {
				LastSwiftUpdateCheck = 1150;
				LastUpgradeCheck = 1150;
				ORGANIZATIONNAME = "Djimon Nowak";
				TargetAttributes = {
					F3684BF824BDF60400217EA9 = {
						CreatedOnToolsVersion = 11.5;
					};
				};
			};
			buildConfigurationList = F3684BF424BDF60400217EA9 /* Build configuration list for PBXProject "Performance Test" */;
			compatibilityVersion = "Xcode 9.3";
			developmentRegion = en;
			hasScannedForEncodings = 0;
			knownRegions = (
				en,
				Base,
			);
			mainGroup = F3684BF024BDF60400217EA9;
			productRefGroup = F3684BFA24BDF60400217EA9 /* Products */;
			projectDirPath = "";
			projectRoot = "";
			targets = (
				F3684BF824BDF60400217EA9 /* Performance Test */,
			);
		};
/* End PBXProject section */

/* Begin PBXResourcesBuildPhase section */
		F3684BF724BDF60400217EA9 /* Resources */ = {
			isa = PBXResourcesBuildPhase;
			buildActionMask = 2147483647;
			files = (
				F3684C0924BDF60800217EA9 /* LaunchScreen.storyboard in Resources */,
				F3684C0624BDF60800217EA9 /* Preview Assets.xcassets in Resources */,
				F3684C0324BDF60800217EA9 /* Assets.xcassets in Resources */,
			);
			runOnlyForDeploymentPostprocessing = 0;
		};
/* End PBXResourcesBuildPhase section */

/* Begin PBXSourcesBuildPhase section */
		F3684BF524BDF60400217EA9 /* Sources */ = {
			isa = PBXSourcesBuildPhase;
			buildActionMask = 2147483647;
			files = (
				F3684C1724BE127A00217EA9 /* TestResult.swift in Sources */,
				F3684C1124BE013F00217EA9 /* AccelerometerTestView.swift in Sources */,
				F3684BFD24BDF60400217EA9 /* AppDelegate.swift in Sources */,
				F35E50DD24C0F29F00CA9345 /* GeolocationTestView.swift in Sources */,
				F370800224C1CB4700FB8D41 /* Base64Helper.swift in Sources */,
				F370800024C1BF6E00FB8D41 /* FilesystemTestView.swift in Sources */,
				F3684BFF24BDF60400217EA9 /* SceneDelegate.swift in Sources */,
				F35E50DB24C0EB7E00CA9345 /* ContactsTestView.swift in Sources */,
				F3684C0124BDF60400217EA9 /* ContentView.swift in Sources */,
				F3686A4524BEFBEB0022BB3C /* DispatchTimeIntervalExtension.swift in Sources */,
			);
			runOnlyForDeploymentPostprocessing = 0;
		};
/* End PBXSourcesBuildPhase section */

/* Begin PBXVariantGroup section */
		F3684C0724BDF60800217EA9 /* LaunchScreen.storyboard */ = {
			isa = PBXVariantGroup;
			children = (
				F3684C0824BDF60800217EA9 /* Base */,
			);
			name = LaunchScreen.storyboard;
			sourceTree = "<group>";
		};
/* End PBXVariantGroup section */

/* Begin XCBuildConfiguration section */
		F3684C0B24BDF60800217EA9 /* Debug */ = {
			isa = XCBuildConfiguration;
			buildSettings = {
				ALWAYS_SEARCH_USER_PATHS = NO;
				CLANG_ANALYZER_NONNULL = YES;
				CLANG_ANALYZER_NUMBER_OBJECT_CONVERSION = YES_AGGRESSIVE;
				CLANG_CXX_LANGUAGE_STANDARD = "gnu++14";
				CLANG_CXX_LIBRARY = "libc++";
				CLANG_ENABLE_MODULES = YES;
				CLANG_ENABLE_OBJC_ARC = YES;
				CLANG_ENABLE_OBJC_WEAK = YES;
				CLANG_WARN_BLOCK_CAPTURE_AUTORELEASING = YES;
				CLANG_WARN_BOOL_CONVERSION = YES;
				CLANG_WARN_COMMA = YES;
				CLANG_WARN_CONSTANT_CONVERSION = YES;
				CLANG_WARN_DEPRECATED_OBJC_IMPLEMENTATIONS = YES;
				CLANG_WARN_DIRECT_OBJC_ISA_USAGE = YES_ERROR;
				CLANG_WARN_DOCUMENTATION_COMMENTS = YES;
				CLANG_WARN_EMPTY_BODY = YES;
				CLANG_WARN_ENUM_CONVERSION = YES;
				CLANG_WARN_INFINITE_RECURSION = YES;
				CLANG_WARN_INT_CONVERSION = YES;
				CLANG_WARN_NON_LITERAL_NULL_CONVERSION = YES;
				CLANG_WARN_OBJC_IMPLICIT_RETAIN_SELF = YES;
				CLANG_WARN_OBJC_LITERAL_CONVERSION = YES;
				CLANG_WARN_OBJC_ROOT_CLASS = YES_ERROR;
				CLANG_WARN_RANGE_LOOP_ANALYSIS = YES;
				CLANG_WARN_STRICT_PROTOTYPES = YES;
				CLANG_WARN_SUSPICIOUS_MOVE = YES;
				CLANG_WARN_UNGUARDED_AVAILABILITY = YES_AGGRESSIVE;
				CLANG_WARN_UNREACHABLE_CODE = YES;
				CLANG_WARN__DUPLICATE_METHOD_MATCH = YES;
				COPY_PHASE_STRIP = NO;
				DEBUG_INFORMATION_FORMAT = dwarf;
				ENABLE_STRICT_OBJC_MSGSEND = YES;
				ENABLE_TESTABILITY = YES;
				GCC_C_LANGUAGE_STANDARD = gnu11;
				GCC_DYNAMIC_NO_PIC = NO;
				GCC_NO_COMMON_BLOCKS = YES;
				GCC_OPTIMIZATION_LEVEL = 0;
				GCC_PREPROCESSOR_DEFINITIONS = (
					"DEBUG=1",
					"$(inherited)",
				);
				GCC_WARN_64_TO_32_BIT_CONVERSION = YES;
				GCC_WARN_ABOUT_RETURN_TYPE = YES_ERROR;
				GCC_WARN_UNDECLARED_SELECTOR = YES;
				GCC_WARN_UNINITIALIZED_AUTOS = YES_AGGRESSIVE;
				GCC_WARN_UNUSED_FUNCTION = YES;
				GCC_WARN_UNUSED_VARIABLE = YES;
				IPHONEOS_DEPLOYMENT_TARGET = 13.5;
				MTL_ENABLE_DEBUG_INFO = INCLUDE_SOURCE;
				MTL_FAST_MATH = YES;
				ONLY_ACTIVE_ARCH = YES;
				SDKROOT = iphoneos;
				SWIFT_ACTIVE_COMPILATION_CONDITIONS = DEBUG;
				SWIFT_OPTIMIZATION_LEVEL = "-Onone";
			};
			name = Debug;
		};
		F3684C0C24BDF60800217EA9 /* Release */ = {
			isa = XCBuildConfiguration;
			buildSettings = {
				ALWAYS_SEARCH_USER_PATHS = NO;
				CLANG_ANALYZER_NONNULL = YES;
				CLANG_ANALYZER_NUMBER_OBJECT_CONVERSION = YES_AGGRESSIVE;
				CLANG_CXX_LANGUAGE_STANDARD = "gnu++14";
				CLANG_CXX_LIBRARY = "libc++";
				CLANG_ENABLE_MODULES = YES;
				CLANG_ENABLE_OBJC_ARC = YES;
				CLANG_ENABLE_OBJC_WEAK = YES;
				CLANG_WARN_BLOCK_CAPTURE_AUTORELEASING = YES;
				CLANG_WARN_BOOL_CONVERSION = YES;
				CLANG_WARN_COMMA = YES;
				CLANG_WARN_CONSTANT_CONVERSION = YES;
				CLANG_WARN_DEPRECATED_OBJC_IMPLEMENTATIONS = YES;
				CLANG_WARN_DIRECT_OBJC_ISA_USAGE = YES_ERROR;
				CLANG_WARN_DOCUMENTATION_COMMENTS = YES;
				CLANG_WARN_EMPTY_BODY = YES;
				CLANG_WARN_ENUM_CONVERSION = YES;
				CLANG_WARN_INFINITE_RECURSION = YES;
				CLANG_WARN_INT_CONVERSION = YES;
				CLANG_WARN_NON_LITERAL_NULL_CONVERSION = YES;
				CLANG_WARN_OBJC_IMPLICIT_RETAIN_SELF = YES;
				CLANG_WARN_OBJC_LITERAL_CONVERSION = YES;
				CLANG_WARN_OBJC_ROOT_CLASS = YES_ERROR;
				CLANG_WARN_RANGE_LOOP_ANALYSIS = YES;
				CLANG_WARN_STRICT_PROTOTYPES = YES;
				CLANG_WARN_SUSPICIOUS_MOVE = YES;
				CLANG_WARN_UNGUARDED_AVAILABILITY = YES_AGGRESSIVE;
				CLANG_WARN_UNREACHABLE_CODE = YES;
				CLANG_WARN__DUPLICATE_METHOD_MATCH = YES;
				COPY_PHASE_STRIP = NO;
				DEBUG_INFORMATION_FORMAT = "dwarf-with-dsym";
				ENABLE_NS_ASSERTIONS = NO;
				ENABLE_STRICT_OBJC_MSGSEND = YES;
				GCC_C_LANGUAGE_STANDARD = gnu11;
				GCC_NO_COMMON_BLOCKS = YES;
				GCC_WARN_64_TO_32_BIT_CONVERSION = YES;
				GCC_WARN_ABOUT_RETURN_TYPE = YES_ERROR;
				GCC_WARN_UNDECLARED_SELECTOR = YES;
				GCC_WARN_UNINITIALIZED_AUTOS = YES_AGGRESSIVE;
				GCC_WARN_UNUSED_FUNCTION = YES;
				GCC_WARN_UNUSED_VARIABLE = YES;
				IPHONEOS_DEPLOYMENT_TARGET = 13.5;
				MTL_ENABLE_DEBUG_INFO = NO;
				MTL_FAST_MATH = YES;
				SDKROOT = iphoneos;
				SWIFT_COMPILATION_MODE = wholemodule;
				SWIFT_OPTIMIZATION_LEVEL = "-O";
				VALIDATE_PRODUCT = YES;
			};
			name = Release;
		};
		F3684C0E24BDF60800217EA9 /* Debug */ = {
			isa = XCBuildConfiguration;
			buildSettings = {
				ASSETCATALOG_COMPILER_APPICON_NAME = AppIcon;
				CODE_SIGN_STYLE = Automatic;
				DEVELOPMENT_ASSET_PATHS = "\"Performance Test/Preview Content\"";
				DEVELOPMENT_TEAM = MSR7JP2H29;
				ENABLE_PREVIEWS = YES;
				INFOPLIST_FILE = "Performance Test/Info.plist";
				LD_RUNPATH_SEARCH_PATHS = (
					"$(inherited)",
					"@executable_path/Frameworks",
				);
				PRODUCT_BUNDLE_IDENTIFIER = "com.example.Performance-Test";
				PRODUCT_NAME = "$(TARGET_NAME)";
				SWIFT_VERSION = 5.0;
				TARGETED_DEVICE_FAMILY = "1,2";
			};
			name = Debug;
		};
		F3684C0F24BDF60800217EA9 /* Release */ = {
			isa = XCBuildConfiguration;
			buildSettings = {
				ASSETCATALOG_COMPILER_APPICON_NAME = AppIcon;
				CODE_SIGN_STYLE = Automatic;
				DEVELOPMENT_ASSET_PATHS = "\"Performance Test/Preview Content\"";
				DEVELOPMENT_TEAM = MSR7JP2H29;
				ENABLE_PREVIEWS = YES;
				INFOPLIST_FILE = "Performance Test/Info.plist";
				LD_RUNPATH_SEARCH_PATHS = (
					"$(inherited)",
					"@executable_path/Frameworks",
				);
				PRODUCT_BUNDLE_IDENTIFIER = "com.example.Performance-Test";
				PRODUCT_NAME = "$(TARGET_NAME)";
				SWIFT_VERSION = 5.0;
				TARGETED_DEVICE_FAMILY = "1,2";
			};
			name = Release;
		};
/* End XCBuildConfiguration section */

/* Begin XCConfigurationList section */
		F3684BF424BDF60400217EA9 /* Build configuration list for PBXProject "Performance Test" */ = {
			isa = XCConfigurationList;
			buildConfigurations = (
				F3684C0B24BDF60800217EA9 /* Debug */,
				F3684C0C24BDF60800217EA9 /* Release */,
			);
			defaultConfigurationIsVisible = 0;
			defaultConfigurationName = Release;
		};
		F3684C0D24BDF60800217EA9 /* Build configuration list for PBXNativeTarget "Performance Test" */ = {
			isa = XCConfigurationList;
			buildConfigurations = (
				F3684C0E24BDF60800217EA9 /* Debug */,
				F3684C0F24BDF60800217EA9 /* Release */,
			);
			defaultConfigurationIsVisible = 0;
			defaultConfigurationName = Release;
		};
/* End XCConfigurationList section */
	};
	rootObject = F3684BF124BDF60400217EA9 /* Project object */;
}
